
Microsoft Visual Studio Solution File, Format Version 12.00
# Visual Studio Version 17
VisualStudioVersion = 17.8.34322.80
MinimumVisualStudioVersion = 10.0.40219.1
Project("{FAE04EC0-301F-11D3-BF4B-00C04F79EFBC}") = "Piskvorky", "Piskvorky\Piskvorky.csproj", "{10FAB348-717B-4BA2-9D66-25A2F038F007}"
EndProject
Global
	GlobalSection(SolutionConfigurationPlatforms) = preSolution
		Debug|Any CPU = Debug|Any CPU
		Release|Any CPU = Release|Any CPU
	EndGlobalSection
	GlobalSection(ProjectConfigurationPlatforms) = postSolution
		{10FAB348-717B-4BA2-9D66-25A2F038F007}.Debug|Any CPU.ActiveCfg = Debug|Any CPU
		{10FAB348-717B-4BA2-9D66-25A2F038F007}.Debug|Any CPU.Build.0 = Debug|Any CPU
		{10FAB348-717B-4BA2-9D66-25A2F038F007}.Release|Any CPU.ActiveCfg = Release|Any CPU
		{10FAB348-717B-4BA2-9D66-25A2F038F007}.Release|Any CPU.Build.0 = Release|Any CPU
	EndGlobalSection
	GlobalSection(SolutionProperties) = preSolution
		HideSolutionNode = FALSE
	EndGlobalSection
	GlobalSection(ExtensibilityGlobals) = postSolution
		SolutionGuid = {256B6373-BC8A-4AA4-8518-527053EC2DEA}
	EndGlobalSection
EndGlobal
